
Microsoft Visual Studio Solution File, Format Version 11.00
# Visual Studio 2010
Project("{FAE04EC0-301F-11D3-BF4B-00C04F79EFBC}") = "block explorer", "Assembly-CSharp.csproj", "{76F58506-8B61-9127-6FE1-8F0D90947EFF}"
EndProject
Global
	GlobalSection(SolutionConfigurationPlatforms) = preSolution
		Debug|Any CPU = Debug|Any CPU
		Release|Any CPU = Release|Any CPU
	EndGlobalSection
	GlobalSection(ProjectConfigurationPlatforms) = postSolution
		{76F58506-8B61-9127-6FE1-8F0D90947EFF}.Debug|Any CPU.ActiveCfg = Debug|Any CPU
		{76F58506-8B61-9127-6FE1-8F0D90947EFF}.Debug|Any CPU.Build.0 = Debug|Any CPU
		{76F58506-8B61-9127-6FE1-8F0D90947EFF}.Release|Any CPU.ActiveCfg = Release|Any CPU
		{76F58506-8B61-9127-6FE1-8F0D90947EFF}.Release|Any CPU.Build.0 = Release|Any CPU
	EndGlobalSection
	GlobalSection(SolutionProperties) = preSolution
		HideSolutionNode = FALSE
	EndGlobalSection
	GlobalSection(MonoDevelopProperties) = preSolution
		StartupItem = Assembly-CSharp.csproj
	EndGlobalSection
EndGlobal
